// !$*UTF8*$!
{
	archiveVersion = 1;
	classes = {
	};
	objectVersion = 54;
	objects = {

/* Begin PBXBuildFile section */
		06B30512C65DF04AFA9A0026 /* MarkdownRenderer.swift in Sources */ = {isa = PBXBuildFile; fileRef = AC3C4EF936A2E2BEA0BD4CAF /* MarkdownRenderer.swift */; };
		0A81963A9F600E19F5F698ED /* ModelsSettingsScreen.swift in Sources */ = {isa = PBXBuildFile; fileRef = 5AD764C83EECDAD9A42F5993 /* ModelsSettingsScreen.swift */; };
		2A2B3C4D5E6F708192A3B4C5 /* RecordingSession.swift in Sources */ = {isa = PBXBuildFile; fileRef = 1A2B3C4D5E6F708192A3B4C5 /* RecordingSession.swift */; };
		2A2B3C4D5E6F708192A3B4C6 /* RecordingStatus.swift in Sources */ = {isa = PBXBuildFile; fileRef = 1A2B3C4D5E6F708192A3B4C6 /* RecordingStatus.swift */; };
		2A2B3C4D5E6F708192A3B4C7 /* Transcript.swift in Sources */ = {isa = PBXBuildFile; fileRef = 1A2B3C4D5E6F708192A3B4C7 /* Transcript.swift */; };
		2A2B3C4D5E6F708192A3B4C8 /* TranscriptSegment.swift in Sources */ = {isa = PBXBuildFile; fileRef = 1A2B3C4D5E6F708192A3B4C8 /* TranscriptSegment.swift */; };
		2A2B3C4D5E6F708192A3B4C9 /* TranscriptSpeaker.swift in Sources */ = {isa = PBXBuildFile; fileRef = 1A2B3C4D5E6F708192A3B4C9 /* TranscriptSpeaker.swift */; };
		2A2B3C4D5E6F708192A3B4CA /* RecordingService.swift in Sources */ = {isa = PBXBuildFile; fileRef = 1A2B3C4D5E6F708192A3B4CA /* RecordingService.swift */; };
		2A2B3C4D5E6F708192A3B4CB /* TranscriptionService.swift in Sources */ = {isa = PBXBuildFile; fileRef = 1A2B3C4D5E6F708192A3B4CB /* TranscriptionService.swift */; };
		2A2B3C4D5E6F708192A3B4CC /* WaveformView.swift in Sources */ = {isa = PBXBuildFile; fileRef = 1A2B3C4D5E6F708192A3B4CC /* WaveformView.swift */; };
		2A2B3C4D5E6F708192A3B4CD /* RecordingSessionRow.swift in Sources */ = {isa = PBXBuildFile; fileRef = 1A2B3C4D5E6F708192A3B4CD /* RecordingSessionRow.swift */; };
		2A2B3C4D5E6F708192A3B4CE /* TranscriptDetailView.swift in Sources */ = {isa = PBXBuildFile; fileRef = 1A2B3C4D5E6F708192A3B4CE /* TranscriptDetailView.swift */; };
		2A2B3C4D5E6F708192A3B4CF /* TranscriptSegmentRow.swift in Sources */ = {isa = PBXBuildFile; fileRef = 1A2B3C4D5E6F708192A3B4CF /* TranscriptSegmentRow.swift */; };
		2A2B3C4D5E6F708192A3B4D0 /* TimeFormatter.swift in Sources */ = {isa = PBXBuildFile; fileRef = 1A2B3C4D5E6F708192A3B4D0 /* TimeFormatter.swift */; };
		2A2B3C4D5E6F708192A3B4D1 /* TranscriptExportService.swift in Sources */ = {isa = PBXBuildFile; fileRef = 1A2B3C4D5E6F708192A3B4D1 /* TranscriptExportService.swift */; };
		2FDE1F7065F222E3906F5122 /* JobsView.swift in Sources */ = {isa = PBXBuildFile; fileRef = 8762704F4A827AAB342E6E05 /* JobsView.swift */; };
		32B148C17ADF330AB64F25B9 /* AppState.swift in Sources */ = {isa = PBXBuildFile; fileRef = 82B5AC231318E9580ADB309B /* AppState.swift */; };
		3428B3A8DAFDF0891C460E3C /* ModelGroup.swift in Sources */ = {isa = PBXBuildFile; fileRef = B6128A7DC3799D329B8DB2FE /* ModelGroup.swift */; };
		4540437FF944A6BA6E754CE5 /* ContentView.swift in Sources */ = {isa = PBXBuildFile; fileRef = 7ADAB55B66952EE3BC6D9B2E /* ContentView.swift */; };
		4D2F49C87EC43E5135DFBD8B /* Cocoa.framework in Frameworks */ = {isa = PBXBuildFile; fileRef = 95199C39E12ED82DCA4C4932 /* Cocoa.framework */; };
		50A7C19DA8252ABCC743D2F2 /* ModelInstallService.swift in Sources */ = {isa = PBXBuildFile; fileRef = 7B92B3F0C81C97B847246777 /* ModelInstallService.swift */; };
		517B8995017388C7FC8E3644 /* ModelsSettingsView.swift in Sources */ = {isa = PBXBuildFile; fileRef = AAB646F914C2425E3CBEE33D /* ModelsSettingsView.swift */; };
		593A5B1DA131934EE90B4F7D /* SettingsView.swift in Sources */ = {isa = PBXBuildFile; fileRef = E01B42C4D525868024537572 /* SettingsView.swift */; };
		6C07E0AE252F7D34AF16F2C2 /* BookmarkStore.swift in Sources */ = {isa = PBXBuildFile; fileRef = 27994768D463D730435539F3 /* BookmarkStore.swift */; };
		71945CF7DD78D3B6644C4EC7 /* WorkspaceService.swift in Sources */ = {isa = PBXBuildFile; fileRef = DED532C3817A6E0B1536EE8C /* WorkspaceService.swift */; };
		72E17286721922EFD739F74A /* Cocoa.framework in Frameworks */ = {isa = PBXBuildFile; fileRef = 95199C39E12ED82DCA4C4932 /* Cocoa.framework */; };
		8875A7B9DB44C4468FE50F93 /* ServiceContainer.swift in Sources */ = {isa = PBXBuildFile; fileRef = ADD6117B43940D993554EB33 /* ServiceContainer.swift */; };
		89EB4800C21A7DBD573FE1B2 /* JobsViewModel.swift in Sources */ = {isa = PBXBuildFile; fileRef = C4F2C579DEA6DCCA2A080BC3 /* JobsViewModel.swift */; };
		90DE049E3F11EA2D720D1EE8 /* SettingsViewModel.swift in Sources */ = {isa = PBXBuildFile; fileRef = A8F3DE0F4D65F9DD94E5DEFC /* SettingsViewModel.swift */; };
		96AFFA802A8DCCDE404942A8 /* StudioViewModel.swift in Sources */ = {isa = PBXBuildFile; fileRef = 0B74C9A9619316097B8D3CF3 /* StudioViewModel.swift */; };
		993FF0F23A6CE7ED3F1B8F49 /* WorkspaceServiceProtocol.swift in Sources */ = {isa = PBXBuildFile; fileRef = 99DAD2DC5D5DDF11D28D8BA5 /* WorkspaceServiceProtocol.swift */; };
		9B0A47F88ECCCF249F0581C9 /* ScribermanApp.swift in Sources */ = {isa = PBXBuildFile; fileRef = 22E362F775C935EB29AE832A /* ScribermanApp.swift */; };
		A0313B452C3199D5A6118FB9 /* AppShellView.swift in Sources */ = {isa = PBXBuildFile; fileRef = 5BB3D5811B6745E46A81D7DE /* AppShellView.swift */; };
		A1B785F73B81438F88BA979E /* PlaceholderTests.swift in Sources */ = {isa = PBXBuildFile; fileRef = EAF40CE8A4DF89129232A39F /* PlaceholderTests.swift */; };
		B2FBF1E99346D1C849214837 /* TranscriptionServiceProtocol.swift in Sources */ = {isa = PBXBuildFile; fileRef = 8A2AEE3DB783526C01DF1552 /* TranscriptionServiceProtocol.swift */; };
		BE05D8275352276E509B5A6A /* WorkspacePicker.swift in Sources */ = {isa = PBXBuildFile; fileRef = BA65604F12187C96E37A1413 /* WorkspacePicker.swift */; };
		C16E1FE0441F3C95A965E4C0 /* RecordingServiceProtocol.swift in Sources */ = {isa = PBXBuildFile; fileRef = A52CE181E590B26D3C4E9A5D /* RecordingServiceProtocol.swift */; };
		C1FA647DFB390E0F7F423246 /* StudioView.swift in Sources */ = {isa = PBXBuildFile; fileRef = F2EF783126F2387C1A7C21F4 /* StudioView.swift */; };
		C3EE37FB3F5E384076FF1B4E /* FluidAudio in Frameworks */ = {isa = PBXBuildFile; productRef = DDA5336F2945D8E09B308BC2 /* FluidAudio */; };
		C777A4877EC482FDA7D4659C /* TranscriptAligner.swift in Sources */ = {isa = PBXBuildFile; fileRef = 6A0DE555D53428ABBBCE123E /* TranscriptAligner.swift */; };
		C8BE5BFB9362549C53823350 /* TokenStitcher.swift in Sources */ = {isa = PBXBuildFile; fileRef = 8FF38F82AD4960A1C5B3E860 /* TokenStitcher.swift */; };
		EF15FDA2B169C6BE3CB9FB4A /* Workspace.swift in Sources */ = {isa = PBXBuildFile; fileRef = 7DFBA039128F2B74BE4BB578 /* Workspace.swift */; };
/* End PBXBuildFile section */

/* Begin PBXContainerItemProxy section */
		9E2EA865A1B7CC837EC941E5 /* PBXContainerItemProxy */ = {
			isa = PBXContainerItemProxy;
			containerPortal = A30F1B4CC53BB5B4571A7896 /* Project object */;
			proxyType = 1;
			remoteGlobalIDString = 2A43FB3B3983B44B6C1D4C3A;
			remoteInfo = Scriberman;
		};
/* End PBXContainerItemProxy section */

/* Begin PBXFileReference section */
		0B74C9A9619316097B8D3CF3 /* StudioViewModel.swift */ = {isa = PBXFileReference; includeInIndex = 1; lastKnownFileType = sourcecode.swift; name = StudioViewModel.swift; path = ViewModels/StudioViewModel.swift; sourceTree = "<group>"; };
		1A2B3C4D5E6F708192A3B4C5 /* RecordingSession.swift */ = {isa = PBXFileReference; includeInIndex = 1; lastKnownFileType = sourcecode.swift; name = RecordingSession.swift; path = Domain/RecordingSession.swift; sourceTree = "<group>"; };
		1A2B3C4D5E6F708192A3B4C6 /* RecordingStatus.swift */ = {isa = PBXFileReference; includeInIndex = 1; lastKnownFileType = sourcecode.swift; name = RecordingStatus.swift; path = Domain/RecordingStatus.swift; sourceTree = "<group>"; };
		1A2B3C4D5E6F708192A3B4C7 /* Transcript.swift */ = {isa = PBXFileReference; includeInIndex = 1; lastKnownFileType = sourcecode.swift; name = Transcript.swift; path = Domain/Transcript.swift; sourceTree = "<group>"; };
		1A2B3C4D5E6F708192A3B4C8 /* TranscriptSegment.swift */ = {isa = PBXFileReference; includeInIndex = 1; lastKnownFileType = sourcecode.swift; name = TranscriptSegment.swift; path = Domain/TranscriptSegment.swift; sourceTree = "<group>"; };
		1A2B3C4D5E6F708192A3B4C9 /* TranscriptSpeaker.swift */ = {isa = PBXFileReference; includeInIndex = 1; lastKnownFileType = sourcecode.swift; name = TranscriptSpeaker.swift; path = Domain/TranscriptSpeaker.swift; sourceTree = "<group>"; };
		1A2B3C4D5E6F708192A3B4CA /* RecordingService.swift */ = {isa = PBXFileReference; includeInIndex = 1; lastKnownFileType = sourcecode.swift; name = RecordingService.swift; path = Services/RecordingService.swift; sourceTree = "<group>"; };
		1A2B3C4D5E6F708192A3B4CB /* TranscriptionService.swift */ = {isa = PBXFileReference; includeInIndex = 1; lastKnownFileType = sourcecode.swift; name = TranscriptionService.swift; path = Services/TranscriptionService.swift; sourceTree = "<group>"; };
		1A2B3C4D5E6F708192A3B4CC /* WaveformView.swift */ = {isa = PBXFileReference; includeInIndex = 1; lastKnownFileType = sourcecode.swift; name = WaveformView.swift; path = UI/WaveformView.swift; sourceTree = "<group>"; };
		1A2B3C4D5E6F708192A3B4CD /* RecordingSessionRow.swift */ = {isa = PBXFileReference; includeInIndex = 1; lastKnownFileType = sourcecode.swift; name = RecordingSessionRow.swift; path = UI/RecordingSessionRow.swift; sourceTree = "<group>"; };
		1A2B3C4D5E6F708192A3B4CE /* TranscriptDetailView.swift */ = {isa = PBXFileReference; includeInIndex = 1; lastKnownFileType = sourcecode.swift; name = TranscriptDetailView.swift; path = UI/TranscriptDetailView.swift; sourceTree = "<group>"; };
		1A2B3C4D5E6F708192A3B4CF /* TranscriptSegmentRow.swift */ = {isa = PBXFileReference; includeInIndex = 1; lastKnownFileType = sourcecode.swift; name = TranscriptSegmentRow.swift; path = UI/TranscriptSegmentRow.swift; sourceTree = "<group>"; };
		1A2B3C4D5E6F708192A3B4D0 /* TimeFormatter.swift */ = {isa = PBXFileReference; includeInIndex = 1; lastKnownFileType = sourcecode.swift; name = TimeFormatter.swift; path = Helpers/TimeFormatter.swift; sourceTree = "<group>"; };
		1A2B3C4D5E6F708192A3B4D1 /* TranscriptExportService.swift */ = {isa = PBXFileReference; includeInIndex = 1; lastKnownFileType = sourcecode.swift; name = TranscriptExportService.swift; path = Services/TranscriptExportService.swift; sourceTree = "<group>"; };
		22E362F775C935EB29AE832A /* ScribermanApp.swift */ = {isa = PBXFileReference; includeInIndex = 1; lastKnownFileType = sourcecode.swift; path = ScribermanApp.swift; sourceTree = "<group>"; };
		27994768D463D730435539F3 /* BookmarkStore.swift */ = {isa = PBXFileReference; includeInIndex = 1; lastKnownFileType = sourcecode.swift; name = BookmarkStore.swift; path = Persistence/BookmarkStore.swift; sourceTree = "<group>"; };
		5542239A238BB9A1883C5B5A /* Scriberman.app */ = {isa = PBXFileReference; explicitFileType = wrapper.application; includeInIndex = 0; path = Scriberman.app; sourceTree = BUILT_PRODUCTS_DIR; };
		5AD764C83EECDAD9A42F5993 /* ModelsSettingsScreen.swift */ = {isa = PBXFileReference; includeInIndex = 1; lastKnownFileType = sourcecode.swift; name = ModelsSettingsScreen.swift; path = UI/ModelsSettingsScreen.swift; sourceTree = "<group>"; };
		5BB3D5811B6745E46A81D7DE /* AppShellView.swift */ = {isa = PBXFileReference; includeInIndex = 1; lastKnownFileType = sourcecode.swift; name = AppShellView.swift; path = UI/AppShellView.swift; sourceTree = "<group>"; };
		6A0DE555D53428ABBBCE123E /* TranscriptAligner.swift */ = {isa = PBXFileReference; includeInIndex = 1; lastKnownFileType = sourcecode.swift; name = TranscriptAligner.swift; path = Helpers/TranscriptAligner.swift; sourceTree = "<group>"; };
		7ADAB55B66952EE3BC6D9B2E /* ContentView.swift */ = {isa = PBXFileReference; includeInIndex = 1; lastKnownFileType = sourcecode.swift; path = ContentView.swift; sourceTree = "<group>"; };
		7B92B3F0C81C97B847246777 /* ModelInstallService.swift */ = {isa = PBXFileReference; includeInIndex = 1; lastKnownFileType = sourcecode.swift; name = ModelInstallService.swift; path = Services/ModelInstallService.swift; sourceTree = "<group>"; };
		7DFBA039128F2B74BE4BB578 /* Workspace.swift */ = {isa = PBXFileReference; includeInIndex = 1; lastKnownFileType = sourcecode.swift; name = Workspace.swift; path = Domain/Workspace.swift; sourceTree = "<group>"; };
		82B5AC231318E9580ADB309B /* AppState.swift */ = {isa = PBXFileReference; includeInIndex = 1; lastKnownFileType = sourcecode.swift; name = AppState.swift; path = ViewModels/AppState.swift; sourceTree = "<group>"; };
		8762704F4A827AAB342E6E05 /* JobsView.swift */ = {isa = PBXFileReference; includeInIndex = 1; lastKnownFileType = sourcecode.swift; name = JobsView.swift; path = UI/JobsView.swift; sourceTree = "<group>"; };
		8A2AEE3DB783526C01DF1552 /* TranscriptionServiceProtocol.swift */ = {isa = PBXFileReference; includeInIndex = 1; lastKnownFileType = sourcecode.swift; name = TranscriptionServiceProtocol.swift; path = Services/TranscriptionServiceProtocol.swift; sourceTree = "<group>"; };
		8FF38F82AD4960A1C5B3E860 /* TokenStitcher.swift */ = {isa = PBXFileReference; includeInIndex = 1; lastKnownFileType = sourcecode.swift; name = TokenStitcher.swift; path = Helpers/TokenStitcher.swift; sourceTree = "<group>"; };
		95199C39E12ED82DCA4C4932 /* Cocoa.framework */ = {isa = PBXFileReference; lastKnownFileType = wrapper.framework; name = Cocoa.framework; path = Platforms/MacOSX.platform/Developer/SDKs/MacOSX15.0.sdk/System/Library/Frameworks/Cocoa.framework; sourceTree = DEVELOPER_DIR; };
		99DAD2DC5D5DDF11D28D8BA5 /* WorkspaceServiceProtocol.swift */ = {isa = PBXFileReference; includeInIndex = 1; lastKnownFileType = sourcecode.swift; name = WorkspaceServiceProtocol.swift; path = Services/WorkspaceServiceProtocol.swift; sourceTree = "<group>"; };
		A52CE181E590B26D3C4E9A5D /* RecordingServiceProtocol.swift */ = {isa = PBXFileReference; includeInIndex = 1; lastKnownFileType = sourcecode.swift; name = RecordingServiceProtocol.swift; path = Services/RecordingServiceProtocol.swift; sourceTree = "<group>"; };
		A7C1BF32211A4FE21342466B /* Scriberman.entitlements */ = {isa = PBXFileReference; includeInIndex = 1; lastKnownFileType = text.plist.entitlements; path = Scriberman.entitlements; sourceTree = "<group>"; };
		A8F3DE0F4D65F9DD94E5DEFC /* SettingsViewModel.swift */ = {isa = PBXFileReference; includeInIndex = 1; lastKnownFileType = sourcecode.swift; name = SettingsViewModel.swift; path = ViewModels/SettingsViewModel.swift; sourceTree = "<group>"; };
		AAB646F914C2425E3CBEE33D /* ModelsSettingsView.swift */ = {isa = PBXFileReference; includeInIndex = 1; lastKnownFileType = sourcecode.swift; name = ModelsSettingsView.swift; path = UI/ModelsSettingsView.swift; sourceTree = "<group>"; };
		AC3C4EF936A2E2BEA0BD4CAF /* MarkdownRenderer.swift */ = {isa = PBXFileReference; includeInIndex = 1; lastKnownFileType = sourcecode.swift; name = MarkdownRenderer.swift; path = Helpers/MarkdownRenderer.swift; sourceTree = "<group>"; };
		ADD6117B43940D993554EB33 /* ServiceContainer.swift */ = {isa = PBXFileReference; includeInIndex = 1; lastKnownFileType = sourcecode.swift; name = ServiceContainer.swift; path = Services/ServiceContainer.swift; sourceTree = "<group>"; };
		B6128A7DC3799D329B8DB2FE /* ModelGroup.swift */ = {isa = PBXFileReference; includeInIndex = 1; lastKnownFileType = sourcecode.swift; name = ModelGroup.swift; path = Domain/ModelGroup.swift; sourceTree = "<group>"; };
		BA65604F12187C96E37A1413 /* WorkspacePicker.swift */ = {isa = PBXFileReference; includeInIndex = 1; lastKnownFileType = sourcecode.swift; name = WorkspacePicker.swift; path = UI/WorkspacePicker.swift; sourceTree = "<group>"; };
		C4F2C579DEA6DCCA2A080BC3 /* JobsViewModel.swift */ = {isa = PBXFileReference; includeInIndex = 1; lastKnownFileType = sourcecode.swift; name = JobsViewModel.swift; path = ViewModels/JobsViewModel.swift; sourceTree = "<group>"; };
		D4D635DCD4938EB7B6FA9A36 /* ScribermanTests.xctest */ = {isa = PBXFileReference; explicitFileType = wrapper.cfbundle; includeInIndex = 0; path = ScribermanTests.xctest; sourceTree = BUILT_PRODUCTS_DIR; };
		DB0AB1FDEB9B0DFCA6700F39 /* Info.plist */ = {isa = PBXFileReference; includeInIndex = 1; lastKnownFileType = text.plist.xml; path = Info.plist; sourceTree = "<group>"; };
		DED532C3817A6E0B1536EE8C /* WorkspaceService.swift */ = {isa = PBXFileReference; includeInIndex = 1; lastKnownFileType = sourcecode.swift; name = WorkspaceService.swift; path = Services/WorkspaceService.swift; sourceTree = "<group>"; };
		E01B42C4D525868024537572 /* SettingsView.swift */ = {isa = PBXFileReference; includeInIndex = 1; lastKnownFileType = sourcecode.swift; name = SettingsView.swift; path = UI/SettingsView.swift; sourceTree = "<group>"; };
		EAF40CE8A4DF89129232A39F /* PlaceholderTests.swift */ = {isa = PBXFileReference; includeInIndex = 1; lastKnownFileType = sourcecode.swift; name = PlaceholderTests.swift; path = ScribermanTests/PlaceholderTests.swift; sourceTree = "<group>"; };
		F2EF783126F2387C1A7C21F4 /* StudioView.swift */ = {isa = PBXFileReference; includeInIndex = 1; lastKnownFileType = sourcecode.swift; name = StudioView.swift; path = UI/StudioView.swift; sourceTree = "<group>"; };
/* End PBXFileReference section */

/* Begin PBXFrameworksBuildPhase section */
		6E992BAAAB76768A91CDDF60 /* Frameworks */ = {
			isa = PBXFrameworksBuildPhase;
			buildActionMask = 2147483647;
			files = (
				4D2F49C87EC43E5135DFBD8B /* Cocoa.framework in Frameworks */,
			);
			runOnlyForDeploymentPostprocessing = 0;
		};
		E2455305CF4AF25D9CA9A809 /* Frameworks */ = {
			isa = PBXFrameworksBuildPhase;
			buildActionMask = 2147483647;
			files = (
				72E17286721922EFD739F74A /* Cocoa.framework in Frameworks */,
				C3EE37FB3F5E384076FF1B4E /* FluidAudio in Frameworks */,
			);
			runOnlyForDeploymentPostprocessing = 0;
		};
/* End PBXFrameworksBuildPhase section */

/* Begin PBXGroup section */
		07313C70AD2DAFE0C7770C81 /* ScribermanTests */ = {
			isa = PBXGroup;
			children = (
				EAF40CE8A4DF89129232A39F /* PlaceholderTests.swift */,
			);
			name = ScribermanTests;
			sourceTree = "<group>";
		};
		43993D81DB3C75CD2DC1BB1F /* Products */ = {
			isa = PBXGroup;
			children = (
				5542239A238BB9A1883C5B5A /* Scriberman.app */,
				D4D635DCD4938EB7B6FA9A36 /* ScribermanTests.xctest */,
			);
			name = Products;
			sourceTree = "<group>";
		};
		7325EBCD5ECAB8FD6600F3A6 /* Frameworks */ = {
			isa = PBXGroup;
			children = (
				D11222B32A99BCB68B2EA112 /* OS X */,
			);
			name = Frameworks;
			sourceTree = "<group>";
		};
		833D237DF391F82B6A6CE6E7 = {
			isa = PBXGroup;
			children = (
				43993D81DB3C75CD2DC1BB1F /* Products */,
				7325EBCD5ECAB8FD6600F3A6 /* Frameworks */,
				DD42DFF61505D111099649BF /* Scriberman */,
			);
			sourceTree = "<group>";
		};
		D11222B32A99BCB68B2EA112 /* OS X */ = {
			isa = PBXGroup;
			children = (
				95199C39E12ED82DCA4C4932 /* Cocoa.framework */,
			);
			name = "OS X";
			sourceTree = "<group>";
		};
		DD42DFF61505D111099649BF /* Scriberman */ = {
			isa = PBXGroup;
			children = (
				22E362F775C935EB29AE832A /* ScribermanApp.swift */,
				7ADAB55B66952EE3BC6D9B2E /* ContentView.swift */,
				DB0AB1FDEB9B0DFCA6700F39 /* Info.plist */,
				A7C1BF32211A4FE21342466B /* Scriberman.entitlements */,
				7DFBA039128F2B74BE4BB578 /* Workspace.swift */,
				27994768D463D730435539F3 /* BookmarkStore.swift */,
				DED532C3817A6E0B1536EE8C /* WorkspaceService.swift */,
				7B92B3F0C81C97B847246777 /* ModelInstallService.swift */,
				1A2B3C4D5E6F708192A3B4CA /* RecordingService.swift */,
				1A2B3C4D5E6F708192A3B4CB /* TranscriptionService.swift */,
				1A2B3C4D5E6F708192A3B4D1 /* TranscriptExportService.swift */,
				ADD6117B43940D993554EB33 /* ServiceContainer.swift */,
				0B74C9A9619316097B8D3CF3 /* StudioViewModel.swift */,
				C4F2C579DEA6DCCA2A080BC3 /* JobsViewModel.swift */,
				A8F3DE0F4D65F9DD94E5DEFC /* SettingsViewModel.swift */,
				82B5AC231318E9580ADB309B /* AppState.swift */,
				F2EF783126F2387C1A7C21F4 /* StudioView.swift */,
				8762704F4A827AAB342E6E05 /* JobsView.swift */,
				E01B42C4D525868024537572 /* SettingsView.swift */,
				5BB3D5811B6745E46A81D7DE /* AppShellView.swift */,
				1A2B3C4D5E6F708192A3B4CC /* WaveformView.swift */,
				1A2B3C4D5E6F708192A3B4CD /* RecordingSessionRow.swift */,
				1A2B3C4D5E6F708192A3B4CE /* TranscriptDetailView.swift */,
				1A2B3C4D5E6F708192A3B4CF /* TranscriptSegmentRow.swift */,
				BA65604F12187C96E37A1413 /* WorkspacePicker.swift */,
				B6128A7DC3799D329B8DB2FE /* ModelGroup.swift */,
				1A2B3C4D5E6F708192A3B4C5 /* RecordingSession.swift */,
				1A2B3C4D5E6F708192A3B4C6 /* RecordingStatus.swift */,
				1A2B3C4D5E6F708192A3B4C7 /* Transcript.swift */,
				1A2B3C4D5E6F708192A3B4C8 /* TranscriptSegment.swift */,
				1A2B3C4D5E6F708192A3B4C9 /* TranscriptSpeaker.swift */,
				1A2B3C4D5E6F708192A3B4D0 /* TimeFormatter.swift */,
				AAB646F914C2425E3CBEE33D /* ModelsSettingsView.swift */,
				5AD764C83EECDAD9A42F5993 /* ModelsSettingsScreen.swift */,
				07313C70AD2DAFE0C7770C81 /* ScribermanTests */,
				8FF38F82AD4960A1C5B3E860 /* TokenStitcher.swift */,
				6A0DE555D53428ABBBCE123E /* TranscriptAligner.swift */,
				AC3C4EF936A2E2BEA0BD4CAF /* MarkdownRenderer.swift */,
				99DAD2DC5D5DDF11D28D8BA5 /* WorkspaceServiceProtocol.swift */,
				A52CE181E590B26D3C4E9A5D /* RecordingServiceProtocol.swift */,
				8A2AEE3DB783526C01DF1552 /* TranscriptionServiceProtocol.swift */,
			);
			path = Scriberman;
			sourceTree = "<group>";
		};
/* End PBXGroup section */

/* Begin PBXNativeTarget section */
		2A43FB3B3983B44B6C1D4C3A /* Scriberman */ = {
			isa = PBXNativeTarget;
			buildConfigurationList = 0D787ED7323F983A423BE893 /* Build configuration list for PBXNativeTarget "Scriberman" */;
			buildPhases = (
				920B536C69E12C23174AF4F3 /* Sources */,
				E2455305CF4AF25D9CA9A809 /* Frameworks */,
				F1C28994677F3B045F6BA6B4 /* Resources */,
			);
			buildRules = (
			);
			dependencies = (
			);
			name = Scriberman;
			packageProductDependencies = (
				DDA5336F2945D8E09B308BC2 /* FluidAudio */,
			);
			productName = Scriberman;
			productReference = 5542239A238BB9A1883C5B5A /* Scriberman.app */;
			productType = "com.apple.product-type.application";
		};
		EA1EEB3A39CED694132BA045 /* ScribermanTests */ = {
			isa = PBXNativeTarget;
			buildConfigurationList = 515E1F9DD7CB35E269E4D25B /* Build configuration list for PBXNativeTarget "ScribermanTests" */;
			buildPhases = (
				AD245F7EE9BCA2E71BBC7B87 /* Sources */,
				6E992BAAAB76768A91CDDF60 /* Frameworks */,
				7D935F48CD4EFE08FE28348F /* Resources */,
			);
			buildRules = (
			);
			dependencies = (
				9986278A43674BD493874AFC /* PBXTargetDependency */,
			);
			name = ScribermanTests;
			productName = ScribermanTests;
			productReference = D4D635DCD4938EB7B6FA9A36 /* ScribermanTests.xctest */;
			productType = "com.apple.product-type.bundle.unit-test";
		};
/* End PBXNativeTarget section */

/* Begin PBXProject section */
		A30F1B4CC53BB5B4571A7896 /* Project object */ = {
			isa = PBXProject;
			attributes = {
				LastSwiftUpdateCheck = 1600;
				LastUpgradeCheck = 1600;
			};
			buildConfigurationList = 82CBB2E12B3D6FE954932CF4 /* Build configuration list for PBXProject "Scriberman" */;
			compatibilityVersion = "Xcode 3.2";
			developmentRegion = en;
			hasScannedForEncodings = 0;
			knownRegions = (
				en,
				Base,
			);
			mainGroup = 833D237DF391F82B6A6CE6E7;
			packageReferences = (
				C9C9D7C4E41BA2318ED6E595 /* XCRemoteSwiftPackageReference "FluidAudio" */,
			);
			productRefGroup = 43993D81DB3C75CD2DC1BB1F /* Products */;
			projectDirPath = "";
			projectRoot = "";
			targets = (
				2A43FB3B3983B44B6C1D4C3A /* Scriberman */,
				EA1EEB3A39CED694132BA045 /* ScribermanTests */,
			);
		};
/* End PBXProject section */

/* Begin PBXResourcesBuildPhase section */
		7D935F48CD4EFE08FE28348F /* Resources */ = {
			isa = PBXResourcesBuildPhase;
			buildActionMask = 2147483647;
			files = (
			);
			runOnlyForDeploymentPostprocessing = 0;
		};
		F1C28994677F3B045F6BA6B4 /* Resources */ = {
			isa = PBXResourcesBuildPhase;
			buildActionMask = 2147483647;
			files = (
			);
			runOnlyForDeploymentPostprocessing = 0;
		};
/* End PBXResourcesBuildPhase section */

/* Begin PBXSourcesBuildPhase section */
		920B536C69E12C23174AF4F3 /* Sources */ = {
			isa = PBXSourcesBuildPhase;
			buildActionMask = 2147483647;
			files = (
				9B0A47F88ECCCF249F0581C9 /* ScribermanApp.swift in Sources */,
				4540437FF944A6BA6E754CE5 /* ContentView.swift in Sources */,
				EF15FDA2B169C6BE3CB9FB4A /* Workspace.swift in Sources */,
				6C07E0AE252F7D34AF16F2C2 /* BookmarkStore.swift in Sources */,
				71945CF7DD78D3B6644C4EC7 /* WorkspaceService.swift in Sources */,
				50A7C19DA8252ABCC743D2F2 /* ModelInstallService.swift in Sources */,
				2A2B3C4D5E6F708192A3B4CA /* RecordingService.swift in Sources */,
				2A2B3C4D5E6F708192A3B4CB /* TranscriptionService.swift in Sources */,
				2A2B3C4D5E6F708192A3B4D1 /* TranscriptExportService.swift in Sources */,
				8875A7B9DB44C4468FE50F93 /* ServiceContainer.swift in Sources */,
				96AFFA802A8DCCDE404942A8 /* StudioViewModel.swift in Sources */,
				89EB4800C21A7DBD573FE1B2 /* JobsViewModel.swift in Sources */,
				90DE049E3F11EA2D720D1EE8 /* SettingsViewModel.swift in Sources */,
				32B148C17ADF330AB64F25B9 /* AppState.swift in Sources */,
				C1FA647DFB390E0F7F423246 /* StudioView.swift in Sources */,
				2FDE1F7065F222E3906F5122 /* JobsView.swift in Sources */,
				593A5B1DA131934EE90B4F7D /* SettingsView.swift in Sources */,
				A0313B452C3199D5A6118FB9 /* AppShellView.swift in Sources */,
				2A2B3C4D5E6F708192A3B4CC /* WaveformView.swift in Sources */,
				2A2B3C4D5E6F708192A3B4CD /* RecordingSessionRow.swift in Sources */,
				2A2B3C4D5E6F708192A3B4CE /* TranscriptDetailView.swift in Sources */,
				2A2B3C4D5E6F708192A3B4CF /* TranscriptSegmentRow.swift in Sources */,
				BE05D8275352276E509B5A6A /* WorkspacePicker.swift in Sources */,
				3428B3A8DAFDF0891C460E3C /* ModelGroup.swift in Sources */,
				2A2B3C4D5E6F708192A3B4D0 /* TimeFormatter.swift in Sources */,
				2A2B3C4D5E6F708192A3B4C5 /* RecordingSession.swift in Sources */,
				2A2B3C4D5E6F708192A3B4C6 /* RecordingStatus.swift in Sources */,
				2A2B3C4D5E6F708192A3B4C7 /* Transcript.swift in Sources */,
				2A2B3C4D5E6F708192A3B4C8 /* TranscriptSegment.swift in Sources */,
				2A2B3C4D5E6F708192A3B4C9 /* TranscriptSpeaker.swift in Sources */,
				517B8995017388C7FC8E3644 /* ModelsSettingsView.swift in Sources */,
				0A81963A9F600E19F5F698ED /* ModelsSettingsScreen.swift in Sources */,
				C8BE5BFB9362549C53823350 /* TokenStitcher.swift in Sources */,
				C777A4877EC482FDA7D4659C /* TranscriptAligner.swift in Sources */,
				06B30512C65DF04AFA9A0026 /* MarkdownRenderer.swift in Sources */,
				993FF0F23A6CE7ED3F1B8F49 /* WorkspaceServiceProtocol.swift in Sources */,
				C16E1FE0441F3C95A965E4C0 /* RecordingServiceProtocol.swift in Sources */,
				B2FBF1E99346D1C849214837 /* TranscriptionServiceProtocol.swift in Sources */,
			);
			runOnlyForDeploymentPostprocessing = 0;
		};
		AD245F7EE9BCA2E71BBC7B87 /* Sources */ = {
			isa = PBXSourcesBuildPhase;
			buildActionMask = 2147483647;
			files = (
				A1B785F73B81438F88BA979E /* PlaceholderTests.swift in Sources */,
			);
			runOnlyForDeploymentPostprocessing = 0;
		};
/* End PBXSourcesBuildPhase section */

/* Begin PBXTargetDependency section */
		9986278A43674BD493874AFC /* PBXTargetDependency */ = {
			isa = PBXTargetDependency;
			name = Scriberman;
			target = 2A43FB3B3983B44B6C1D4C3A /* Scriberman */;
			targetProxy = 9E2EA865A1B7CC837EC941E5 /* PBXContainerItemProxy */;
		};
/* End PBXTargetDependency section */

/* Begin XCBuildConfiguration section */
		72D3DAA86769A54640400148 /* Release */ = {
			isa = XCBuildConfiguration;
			buildSettings = {
				ALWAYS_SEARCH_USER_PATHS = NO;
				CLANG_ANALYZER_NONNULL = YES;
				CLANG_ANALYZER_NUMBER_OBJECT_CONVERSION = YES_AGGRESSIVE;
				CLANG_CXX_LANGUAGE_STANDARD = "gnu++14";
				CLANG_CXX_LIBRARY = "libc++";
				CLANG_ENABLE_MODULES = YES;
				CLANG_ENABLE_OBJC_ARC = YES;
				CLANG_ENABLE_OBJC_WEAK = YES;
				CLANG_WARN_BLOCK_CAPTURE_AUTORELEASING = YES;
				CLANG_WARN_BOOL_CONVERSION = YES;
				CLANG_WARN_COMMA = YES;
				CLANG_WARN_CONSTANT_CONVERSION = YES;
				CLANG_WARN_DEPRECATED_OBJC_IMPLEMENTATIONS = YES;
				CLANG_WARN_DIRECT_OBJC_ISA_USAGE = YES_ERROR;
				CLANG_WARN_DOCUMENTATION_COMMENTS = YES;
				CLANG_WARN_EMPTY_BODY = YES;
				CLANG_WARN_ENUM_CONVERSION = YES;
				CLANG_WARN_INFINITE_RECURSION = YES;
				CLANG_WARN_INT_CONVERSION = YES;
				CLANG_WARN_NON_LITERAL_NULL_CONVERSION = YES;
				CLANG_WARN_OBJC_IMPLICIT_RETAIN_SELF = YES;
				CLANG_WARN_OBJC_LITERAL_CONVERSION = YES;
				CLANG_WARN_OBJC_ROOT_CLASS = YES_ERROR;
				CLANG_WARN_QUOTED_INCLUDE_IN_FRAMEWORK_HEADER = YES;
				CLANG_WARN_RANGE_LOOP_ANALYSIS = YES;
				CLANG_WARN_STRICT_PROTOTYPES = YES;
				CLANG_WARN_SUSPICIOUS_MOVE = YES;
				CLANG_WARN_UNGUARDED_AVAILABILITY = YES_AGGRESSIVE;
				CLANG_WARN_UNREACHABLE_CODE = YES;
				CLANG_WARN__DUPLICATE_METHOD_MATCH = YES;
				COPY_PHASE_STRIP = NO;
				DEBUG_INFORMATION_FORMAT = "dwarf-with-dsym";
				ENABLE_NS_ASSERTIONS = NO;
				ENABLE_STRICT_OBJC_MSGSEND = YES;
				GCC_C_LANGUAGE_STANDARD = gnu11;
				GCC_NO_COMMON_BLOCKS = YES;
				GCC_WARN_64_TO_32_BIT_CONVERSION = YES;
				GCC_WARN_ABOUT_RETURN_TYPE = YES_ERROR;
				GCC_WARN_UNDECLARED_SELECTOR = YES;
				GCC_WARN_UNINITIALIZED_AUTOS = YES_AGGRESSIVE;
				GCC_WARN_UNUSED_FUNCTION = YES;
				GCC_WARN_UNUSED_VARIABLE = YES;
				MTL_ENABLE_DEBUG_INFO = NO;
				MTL_FAST_MATH = YES;
				PRODUCT_NAME = "$(TARGET_NAME)";
				SWIFT_COMPILATION_MODE = wholemodule;
				SWIFT_OPTIMIZATION_LEVEL = "-O";
				SWIFT_VERSION = 5.0;
			};
			name = Release;
		};
		8E8DDC0A398362AB620DB1CF /* Release */ = {
			isa = XCBuildConfiguration;
			buildSettings = {
				ARCHS = arm64;
				BUNDLE_LOADER = "$(TEST_HOST)";
				CODE_SIGNING_ALLOWED = NO;
				CODE_SIGN_STYLE = Automatic;
				GENERATE_INFOPLIST_FILE = YES;
				LD_RUNPATH_SEARCH_PATHS = (
					"$(inherited)",
					"@loader_path/../Frameworks",
					"@executable_path/../Frameworks",
				);
				MACOSX_DEPLOYMENT_TARGET = 26.0;
				PRODUCT_BUNDLE_IDENTIFIER = com.scriberman.app.tests;
				SDKROOT = macosx;
				SUPPORTED_PLATFORMS = macosx;
				SWIFT_VERSION = 5.0;
				TEST_HOST = "$(BUILT_PRODUCTS_DIR)/Scriberman.app/Contents/MacOS/Scriberman";
				TEST_TARGET_NAME = Scriberman;
			};
			name = Release;
		};
		BFC6689C1B30B54207ED3847 /* Debug */ = {
			isa = XCBuildConfiguration;
			buildSettings = {
				ARCHS = arm64;
				ASSETCATALOG_COMPILER_APPICON_NAME = "";
				ASSETCATALOG_COMPILER_GLOBAL_ACCENT_COLOR_NAME = AccentColor;
				CODE_SIGN_ENTITLEMENTS = Scriberman/Scriberman.entitlements;
				COMBINE_HIDPI_IMAGES = YES;
				INFOPLIST_FILE = Scriberman/Info.plist;
				LD_RUNPATH_SEARCH_PATHS = (
					"$(inherited)",
					"@executable_path/../Frameworks",
				);
				MACOSX_DEPLOYMENT_TARGET = 26.0;
				PRODUCT_BUNDLE_IDENTIFIER = com.scriberman.app;
				PRODUCT_NAME = Scriberman;
				SDKROOT = macosx;
				SUPPORTED_PLATFORMS = macosx;
				SWIFT_EMIT_LOC_STRINGS = YES;
				SWIFT_VERSION = 5.0;
			};
			name = Debug;
		};
		D968D3A5543C0DA4848C8E5E /* Debug */ = {
			isa = XCBuildConfiguration;
			buildSettings = {
				ARCHS = arm64;
				BUNDLE_LOADER = "$(TEST_HOST)";
				CODE_SIGNING_ALLOWED = NO;
				CODE_SIGN_STYLE = Automatic;
				ENABLE_TESTABILITY = YES;
				GENERATE_INFOPLIST_FILE = YES;
				LD_RUNPATH_SEARCH_PATHS = (
					"$(inherited)",
					"@loader_path/../Frameworks",
					"@executable_path/../Frameworks",
				);
				MACOSX_DEPLOYMENT_TARGET = 26.0;
				PRODUCT_BUNDLE_IDENTIFIER = com.scriberman.app.tests;
				SDKROOT = macosx;
				SUPPORTED_PLATFORMS = macosx;
				SWIFT_ACTIVE_COMPILATION_CONDITIONS = DEBUG;
				SWIFT_VERSION = 5.0;
				TEST_HOST = "$(BUILT_PRODUCTS_DIR)/Scriberman.app/Contents/MacOS/Scriberman";
				TEST_TARGET_NAME = Scriberman;
			};
			name = Debug;
		};
		F29B264DB509D3AB3C36CEB0 /* Debug */ = {
			isa = XCBuildConfiguration;
			buildSettings = {
				ALWAYS_SEARCH_USER_PATHS = NO;
				CLANG_ANALYZER_NONNULL = YES;
				CLANG_ANALYZER_NUMBER_OBJECT_CONVERSION = YES_AGGRESSIVE;
				CLANG_CXX_LANGUAGE_STANDARD = "gnu++14";
				CLANG_CXX_LIBRARY = "libc++";
				CLANG_ENABLE_MODULES = YES;
				CLANG_ENABLE_OBJC_ARC = YES;
				CLANG_ENABLE_OBJC_WEAK = YES;
				CLANG_WARN_BLOCK_CAPTURE_AUTORELEASING = YES;
				CLANG_WARN_BOOL_CONVERSION = YES;
				CLANG_WARN_COMMA = YES;
				CLANG_WARN_CONSTANT_CONVERSION = YES;
				CLANG_WARN_DEPRECATED_OBJC_IMPLEMENTATIONS = YES;
				CLANG_WARN_DIRECT_OBJC_ISA_USAGE = YES_ERROR;
				CLANG_WARN_DOCUMENTATION_COMMENTS = YES;
				CLANG_WARN_EMPTY_BODY = YES;
				CLANG_WARN_ENUM_CONVERSION = YES;
				CLANG_WARN_INFINITE_RECURSION = YES;
				CLANG_WARN_INT_CONVERSION = YES;
				CLANG_WARN_NON_LITERAL_NULL_CONVERSION = YES;
				CLANG_WARN_OBJC_IMPLICIT_RETAIN_SELF = YES;
				CLANG_WARN_OBJC_LITERAL_CONVERSION = YES;
				CLANG_WARN_OBJC_ROOT_CLASS = YES_ERROR;
				CLANG_WARN_QUOTED_INCLUDE_IN_FRAMEWORK_HEADER = YES;
				CLANG_WARN_RANGE_LOOP_ANALYSIS = YES;
				CLANG_WARN_STRICT_PROTOTYPES = YES;
				CLANG_WARN_SUSPICIOUS_MOVE = YES;
				CLANG_WARN_UNGUARDED_AVAILABILITY = YES_AGGRESSIVE;
				CLANG_WARN_UNREACHABLE_CODE = YES;
				CLANG_WARN__DUPLICATE_METHOD_MATCH = YES;
				COPY_PHASE_STRIP = NO;
				DEBUG_INFORMATION_FORMAT = dwarf;
				ENABLE_STRICT_OBJC_MSGSEND = YES;
				ENABLE_TESTABILITY = YES;
				GCC_C_LANGUAGE_STANDARD = gnu11;
				GCC_DYNAMIC_NO_PIC = NO;
				GCC_NO_COMMON_BLOCKS = YES;
				GCC_OPTIMIZATION_LEVEL = 0;
				GCC_PREPROCESSOR_DEFINITIONS = (
					"DEBUG=1",
					"$(inherited)",
				);
				GCC_WARN_64_TO_32_BIT_CONVERSION = YES;
				GCC_WARN_ABOUT_RETURN_TYPE = YES_ERROR;
				GCC_WARN_UNDECLARED_SELECTOR = YES;
				GCC_WARN_UNINITIALIZED_AUTOS = YES_AGGRESSIVE;
				GCC_WARN_UNUSED_FUNCTION = YES;
				GCC_WARN_UNUSED_VARIABLE = YES;
				MTL_ENABLE_DEBUG_INFO = INCLUDE_SOURCE;
				MTL_FAST_MATH = YES;
				ONLY_ACTIVE_ARCH = YES;
				PRODUCT_NAME = "$(TARGET_NAME)";
				SWIFT_ACTIVE_COMPILATION_CONDITIONS = DEBUG;
				SWIFT_OPTIMIZATION_LEVEL = "-Onone";
				SWIFT_VERSION = 5.0;
			};
			name = Debug;
		};
		FCE27734D063F318B7C5D5C7 /* Release */ = {
			isa = XCBuildConfiguration;
			buildSettings = {
				ARCHS = arm64;
				ASSETCATALOG_COMPILER_APPICON_NAME = "";
				ASSETCATALOG_COMPILER_GLOBAL_ACCENT_COLOR_NAME = AccentColor;
				CODE_SIGN_ENTITLEMENTS = Scriberman/Scriberman.entitlements;
				COMBINE_HIDPI_IMAGES = YES;
				INFOPLIST_FILE = Scriberman/Info.plist;
				LD_RUNPATH_SEARCH_PATHS = (
					"$(inherited)",
					"@executable_path/../Frameworks",
				);
				MACOSX_DEPLOYMENT_TARGET = 26.0;
				PRODUCT_BUNDLE_IDENTIFIER = com.scriberman.app;
				PRODUCT_NAME = Scriberman;
				SDKROOT = macosx;
				SUPPORTED_PLATFORMS = macosx;
				SWIFT_EMIT_LOC_STRINGS = YES;
				SWIFT_VERSION = 5.0;
			};
			name = Release;
		};
/* End XCBuildConfiguration section */

/* Begin XCConfigurationList section */
		0D787ED7323F983A423BE893 /* Build configuration list for PBXNativeTarget "Scriberman" */ = {
			isa = XCConfigurationList;
			buildConfigurations = (
				FCE27734D063F318B7C5D5C7 /* Release */,
				BFC6689C1B30B54207ED3847 /* Debug */,
			);
			defaultConfigurationIsVisible = 0;
			defaultConfigurationName = Release;
		};
		515E1F9DD7CB35E269E4D25B /* Build configuration list for PBXNativeTarget "ScribermanTests" */ = {
			isa = XCConfigurationList;
			buildConfigurations = (
				8E8DDC0A398362AB620DB1CF /* Release */,
				D968D3A5543C0DA4848C8E5E /* Debug */,
			);
			defaultConfigurationIsVisible = 0;
			defaultConfigurationName = Release;
		};
		82CBB2E12B3D6FE954932CF4 /* Build configuration list for PBXProject "Scriberman" */ = {
			isa = XCConfigurationList;
			buildConfigurations = (
				F29B264DB509D3AB3C36CEB0 /* Debug */,
				72D3DAA86769A54640400148 /* Release */,
			);
			defaultConfigurationIsVisible = 0;
			defaultConfigurationName = Release;
		};
/* End XCConfigurationList section */

/* Begin XCRemoteSwiftPackageReference section */
		C9C9D7C4E41BA2318ED6E595 /* XCRemoteSwiftPackageReference "FluidAudio" */ = {
			isa = XCRemoteSwiftPackageReference;
			repositoryURL = "https://github.com/FluidInference/FluidAudio.git";
			requirement = {
				kind = upToNextMajorVersion;
				minimumVersion = 0.7.9;
			};
		};
/* End XCRemoteSwiftPackageReference section */

/* Begin XCSwiftPackageProductDependency section */
		DDA5336F2945D8E09B308BC2 /* FluidAudio */ = {
			isa = XCSwiftPackageProductDependency;
			package = C9C9D7C4E41BA2318ED6E595 /* XCRemoteSwiftPackageReference "FluidAudio" */;
			productName = FluidAudio;
		};
/* End XCSwiftPackageProductDependency section */
	};
	rootObject = A30F1B4CC53BB5B4571A7896 /* Project object */;
}
